
Microsoft Visual Studio Solution File, Format Version 12.00
Project("{FAE04EC0-301F-11D3-BF4B-00C04F79EFBC}") = "ValidationLibrary", "ValidationLibrary\ValidationLibrary.csproj", "{D623D9EE-7A3D-4B1C-9827-B00A01591E2F}"
EndProject
Project("{FAE04EC0-301F-11D3-BF4B-00C04F79EFBC}") = "ValidationLibrary.Tests", "ValidationLibrary.Tests\ValidationLibrary.Tests.csproj", "{3A7FD75D-2460-46A0-811A-571D71D13C14}"
EndProject
Global
	GlobalSection(SolutionConfigurationPlatforms) = preSolution
		Debug|Any CPU = Debug|Any CPU
		Debug|x64 = Debug|x64
		Debug|x86 = Debug|x86
		Release|Any CPU = Release|Any CPU
		Release|x64 = Release|x64
		Release|x86 = Release|x86
	EndGlobalSection
	GlobalSection(ProjectConfigurationPlatforms) = postSolution
		{D623D9EE-7A3D-4B1C-9827-B00A01591E2F}.Debug|Any CPU.ActiveCfg = Debug|Any CPU
		{D623D9EE-7A3D-4B1C-9827-B00A01591E2F}.Debug|Any CPU.Build.0 = Debug|Any CPU
		{D623D9EE-7A3D-4B1C-9827-B00A01591E2F}.Debug|x64.ActiveCfg = Debug|Any CPU
		{D623D9EE-7A3D-4B1C-9827-B00A01591E2F}.Debug|x64.Build.0 = Debug|Any CPU
		{D623D9EE-7A3D-4B1C-9827-B00A01591E2F}.Debug|x86.ActiveCfg = Debug|Any CPU
		{D623D9EE-7A3D-4B1C-9827-B00A01591E2F}.Debug|x86.Build.0 = Debug|Any CPU
		{D623D9EE-7A3D-4B1C-9827-B00A01591E2F}.Release|Any CPU.ActiveCfg = Release|Any CPU
		{D623D9EE-7A3D-4B1C-9827-B00A01591E2F}.Release|Any CPU.Build.0 = Release|Any CPU
		{D623D9EE-7A3D-4B1C-9827-B00A01591E2F}.Release|x64.ActiveCfg = Release|Any CPU
		{D623D9EE-7A3D-4B1C-9827-B00A01591E2F}.Release|x64.Build.0 = Release|Any CPU
		{D623D9EE-7A3D-4B1C-9827-B00A01591E2F}.Release|x86.ActiveCfg = Release|Any CPU
		{D623D9EE-7A3D-4B1C-9827-B00A01591E2F}.Release|x86.Build.0 = Release|Any CPU
		{3A7FD75D-2460-46A0-811A-571D71D13C14}.Debug|Any CPU.ActiveCfg = Debug|Any CPU
		{3A7FD75D-2460-46A0-811A-571D71D13C14}.Debug|Any CPU.Build.0 = Debug|Any CPU
		{3A7FD75D-2460-46A0-811A-571D71D13C14}.Debug|x64.ActiveCfg = Debug|Any CPU
		{3A7FD75D-2460-46A0-811A-571D71D13C14}.Debug|x64.Build.0 = Debug|Any CPU
		{3A7FD75D-2460-46A0-811A-571D71D13C14}.Debug|x86.ActiveCfg = Debug|Any CPU
		{3A7FD75D-2460-46A0-811A-571D71D13C14}.Debug|x86.Build.0 = Debug|Any CPU
		{3A7FD75D-2460-46A0-811A-571D71D13C14}.Release|Any CPU.ActiveCfg = Release|Any CPU
		{3A7FD75D-2460-46A0-811A-571D71D13C14}.Release|Any CPU.Build.0 = Release|Any CPU
		{3A7FD75D-2460-46A0-811A-571D71D13C14}.Release|x64.ActiveCfg = Release|Any CPU
		{3A7FD75D-2460-46A0-811A-571D71D13C14}.Release|x64.Build.0 = Release|Any CPU
		{3A7FD75D-2460-46A0-811A-571D71D13C14}.Release|x86.ActiveCfg = Release|Any CPU
		{3A7FD75D-2460-46A0-811A-571D71D13C14}.Release|x86.Build.0 = Release|Any CPU
	EndGlobalSection
	GlobalSection(SolutionProperties) = preSolution
		HideSolutionNode = FALSE
	EndGlobalSection
EndGlobal
